// !$*UTF8*$!
{
	archiveVersion = 1;
	classes = {
	};
	objectVersion = 48;
	objects = {

/* Begin PBXBuildFile section */
		288E1D97200E680100346E77 /* AppDelegate.m in Sources */ = {isa = PBXBuildFile; fileRef = 288E1D96200E680100346E77 /* AppDelegate.m */; };
		288E1D9A200E680100346E77 /* GameFieldViewController.m in Sources */ = {isa = PBXBuildFile; fileRef = 288E1D99200E680100346E77 /* GameFieldViewController.m */; };
		288E1D9D200E680100346E77 /* Main.storyboard in Resources */ = {isa = PBXBuildFile; fileRef = 288E1D9B200E680100346E77 /* Main.storyboard */; };
		288E1D9F200E680100346E77 /* Assets.xcassets in Resources */ = {isa = PBXBuildFile; fileRef = 288E1D9E200E680100346E77 /* Assets.xcassets */; };
		288E1DA2200E680100346E77 /* LaunchScreen.storyboard in Resources */ = {isa = PBXBuildFile; fileRef = 288E1DA0200E680100346E77 /* LaunchScreen.storyboard */; };
		288E1DA5200E680100346E77 /* main.m in Sources */ = {isa = PBXBuildFile; fileRef = 288E1DA4200E680100346E77 /* main.m */; };
		288E1DAD200E6BD400346E77 /* SignCell.m in Sources */ = {isa = PBXBuildFile; fileRef = 288E1DAC200E6BD400346E77 /* SignCell.m */; };
		288E1DB0200E6BFB00346E77 /* o_mark.png in Resources */ = {isa = PBXBuildFile; fileRef = 288E1DAE200E6BFB00346E77 /* o_mark.png */; };
		288E1DB1200E6BFB00346E77 /* x_mark.png in Resources */ = {isa = PBXBuildFile; fileRef = 288E1DAF200E6BFB00346E77 /* x_mark.png */; };
		288E1DB3200E6D6E00346E77 /* btn-background.png in Resources */ = {isa = PBXBuildFile; fileRef = 288E1DB2200E6D6E00346E77 /* btn-background.png */; };
		288E1DB6200E6FCA00346E77 /* MenuViewController.m in Sources */ = {isa = PBXBuildFile; fileRef = 288E1DB5200E6FC900346E77 /* MenuViewController.m */; };
		288E1DB9200E708C00346E77 /* GameController.m in Sources */ = {isa = PBXBuildFile; fileRef = 288E1DB8200E708C00346E77 /* GameController.m */; };
		288E1DBC200E70AA00346E77 /* GameModel.m in Sources */ = {isa = PBXBuildFile; fileRef = 288E1DBB200E70AA00346E77 /* GameModel.m */; };
		288E1DBF200E741400346E77 /* SignModel.m in Sources */ = {isa = PBXBuildFile; fileRef = 288E1DBE200E741400346E77 /* SignModel.m */; };
		5A5970CBD25486A5D1AA055E /* Pods_TicTacToe.framework in Frameworks */ = {isa = PBXBuildFile; fileRef = 65AF92B3B65F5F97D17E7465 /* Pods_TicTacToe.framework */; };
/* End PBXBuildFile section */

/* Begin PBXFileReference section */
		1E85604C5EFDF8606FB02AE2 /* Pods-TicTacToe.debug.xcconfig */ = {isa = PBXFileReference; includeInIndex = 1; lastKnownFileType = text.xcconfig; name = "Pods-TicTacToe.debug.xcconfig"; path = "Pods/Target Support Files/Pods-TicTacToe/Pods-TicTacToe.debug.xcconfig"; sourceTree = "<group>"; };
		288E1D92200E680100346E77 /* TicTacToe.app */ = {isa = PBXFileReference; explicitFileType = wrapper.application; includeInIndex = 0; path = TicTacToe.app; sourceTree = BUILT_PRODUCTS_DIR; };
		288E1D95200E680100346E77 /* AppDelegate.h */ = {isa = PBXFileReference; lastKnownFileType = sourcecode.c.h; path = AppDelegate.h; sourceTree = "<group>"; };
		288E1D96200E680100346E77 /* AppDelegate.m */ = {isa = PBXFileReference; lastKnownFileType = sourcecode.c.objc; path = AppDelegate.m; sourceTree = "<group>"; };
		288E1D98200E680100346E77 /* GameFieldViewController.h */ = {isa = PBXFileReference; lastKnownFileType = sourcecode.c.h; path = GameFieldViewController.h; sourceTree = "<group>"; };
		288E1D99200E680100346E77 /* GameFieldViewController.m */ = {isa = PBXFileReference; lastKnownFileType = sourcecode.c.objc; path = GameFieldViewController.m; sourceTree = "<group>"; };
		288E1D9C200E680100346E77 /* Base */ = {isa = PBXFileReference; lastKnownFileType = file.storyboard; name = Base; path = Base.lproj/Main.storyboard; sourceTree = "<group>"; };
		288E1D9E200E680100346E77 /* Assets.xcassets */ = {isa = PBXFileReference; lastKnownFileType = folder.assetcatalog; path = Assets.xcassets; sourceTree = "<group>"; };
		288E1DA1200E680100346E77 /* Base */ = {isa = PBXFileReference; lastKnownFileType = file.storyboard; name = Base; path = Base.lproj/LaunchScreen.storyboard; sourceTree = "<group>"; };
		288E1DA3200E680100346E77 /* Info.plist */ = {isa = PBXFileReference; lastKnownFileType = text.plist.xml; path = Info.plist; sourceTree = "<group>"; };
		288E1DA4200E680100346E77 /* main.m */ = {isa = PBXFileReference; lastKnownFileType = sourcecode.c.objc; path = main.m; sourceTree = "<group>"; };
		288E1DAB200E6BD400346E77 /* SignCell.h */ = {isa = PBXFileReference; lastKnownFileType = sourcecode.c.h; path = SignCell.h; sourceTree = "<group>"; };
		288E1DAC200E6BD400346E77 /* SignCell.m */ = {isa = PBXFileReference; lastKnownFileType = sourcecode.c.objc; path = SignCell.m; sourceTree = "<group>"; };
		288E1DAE200E6BFB00346E77 /* o_mark.png */ = {isa = PBXFileReference; lastKnownFileType = image.png; path = o_mark.png; sourceTree = "<group>"; };
		288E1DAF200E6BFB00346E77 /* x_mark.png */ = {isa = PBXFileReference; lastKnownFileType = image.png; path = x_mark.png; sourceTree = "<group>"; };
		288E1DB2200E6D6E00346E77 /* btn-background.png */ = {isa = PBXFileReference; lastKnownFileType = image.png; path = "btn-background.png"; sourceTree = "<group>"; };
		288E1DB4200E6FC900346E77 /* MenuViewController.h */ = {isa = PBXFileReference; lastKnownFileType = sourcecode.c.h; path = MenuViewController.h; sourceTree = "<group>"; };
		288E1DB5200E6FC900346E77 /* MenuViewController.m */ = {isa = PBXFileReference; lastKnownFileType = sourcecode.c.objc; path = MenuViewController.m; sourceTree = "<group>"; };
		288E1DB7200E708C00346E77 /* GameController.h */ = {isa = PBXFileReference; lastKnownFileType = sourcecode.c.h; path = GameController.h; sourceTree = "<group>"; };
		288E1DB8200E708C00346E77 /* GameController.m */ = {isa = PBXFileReference; lastKnownFileType = sourcecode.c.objc; path = GameController.m; sourceTree = "<group>"; };
		288E1DBA200E70AA00346E77 /* GameModel.h */ = {isa = PBXFileReference; lastKnownFileType = sourcecode.c.h; path = GameModel.h; sourceTree = "<group>"; };
		288E1DBB200E70AA00346E77 /* GameModel.m */ = {isa = PBXFileReference; lastKnownFileType = sourcecode.c.objc; path = GameModel.m; sourceTree = "<group>"; };
		288E1DBD200E741400346E77 /* SignModel.h */ = {isa = PBXFileReference; lastKnownFileType = sourcecode.c.h; path = SignModel.h; sourceTree = "<group>"; };
		288E1DBE200E741400346E77 /* SignModel.m */ = {isa = PBXFileReference; lastKnownFileType = sourcecode.c.objc; path = SignModel.m; sourceTree = "<group>"; };
		65AF92B3B65F5F97D17E7465 /* Pods_TicTacToe.framework */ = {isa = PBXFileReference; explicitFileType = wrapper.framework; includeInIndex = 0; path = Pods_TicTacToe.framework; sourceTree = BUILT_PRODUCTS_DIR; };
		EB4CFC8830C72D3AA1971FFE /* Pods-TicTacToe.release.xcconfig */ = {isa = PBXFileReference; includeInIndex = 1; lastKnownFileType = text.xcconfig; name = "Pods-TicTacToe.release.xcconfig"; path = "Pods/Target Support Files/Pods-TicTacToe/Pods-TicTacToe.release.xcconfig"; sourceTree = "<group>"; };
/* End PBXFileReference section */

/* Begin PBXFrameworksBuildPhase section */
		288E1D8F200E680100346E77 /* Frameworks */ = {
			isa = PBXFrameworksBuildPhase;
			buildActionMask = 2147483647;
			files = (
				5A5970CBD25486A5D1AA055E /* Pods_TicTacToe.framework in Frameworks */,
			);
			runOnlyForDeploymentPostprocessing = 0;
		};
/* End PBXFrameworksBuildPhase section */

/* Begin PBXGroup section */
		08C1241A2CCC10AB7B4D9CDD /* Pods */ = {
			isa = PBXGroup;
			children = (
				1E85604C5EFDF8606FB02AE2 /* Pods-TicTacToe.debug.xcconfig */,
				EB4CFC8830C72D3AA1971FFE /* Pods-TicTacToe.release.xcconfig */,
			);
			name = Pods;
			sourceTree = "<group>";
		};
		20C246E41883C53AA774DD37 /* Frameworks */ = {
			isa = PBXGroup;
			children = (
				65AF92B3B65F5F97D17E7465 /* Pods_TicTacToe.framework */,
			);
			name = Frameworks;
			sourceTree = "<group>";
		};
		288E1D89200E680100346E77 = {
			isa = PBXGroup;
			children = (
				288E1DC0200E7F1600346E77 /* Resources */,
				288E1D94200E680100346E77 /* TicTacToe */,
				288E1D93200E680100346E77 /* Products */,
				08C1241A2CCC10AB7B4D9CDD /* Pods */,
				20C246E41883C53AA774DD37 /* Frameworks */,
			);
			sourceTree = "<group>";
		};
		288E1D93200E680100346E77 /* Products */ = {
			isa = PBXGroup;
			children = (
				288E1D92200E680100346E77 /* TicTacToe.app */,
			);
			name = Products;
			sourceTree = "<group>";
		};
		288E1D94200E680100346E77 /* TicTacToe */ = {
			isa = PBXGroup;
			children = (
				288E1D95200E680100346E77 /* AppDelegate.h */,
				288E1D96200E680100346E77 /* AppDelegate.m */,
				288E1D98200E680100346E77 /* GameFieldViewController.h */,
				288E1DB7200E708C00346E77 /* GameController.h */,
				288E1DB8200E708C00346E77 /* GameController.m */,
				288E1DBA200E70AA00346E77 /* GameModel.h */,
				288E1DBB200E70AA00346E77 /* GameModel.m */,
				288E1D99200E680100346E77 /* GameFieldViewController.m */,
				288E1DBD200E741400346E77 /* SignModel.h */,
				288E1DBE200E741400346E77 /* SignModel.m */,
				288E1D9B200E680100346E77 /* Main.storyboard */,
				288E1DB4200E6FC900346E77 /* MenuViewController.h */,
				288E1DB5200E6FC900346E77 /* MenuViewController.m */,
				288E1D9E200E680100346E77 /* Assets.xcassets */,
				288E1DA0200E680100346E77 /* LaunchScreen.storyboard */,
				288E1DA3200E680100346E77 /* Info.plist */,
				288E1DA4200E680100346E77 /* main.m */,
				288E1DAB200E6BD400346E77 /* SignCell.h */,
				288E1DAC200E6BD400346E77 /* SignCell.m */,
			);
			path = TicTacToe;
			sourceTree = "<group>";
		};
		288E1DC0200E7F1600346E77 /* Resources */ = {
			isa = PBXGroup;
			children = (
				288E1DB2200E6D6E00346E77 /* btn-background.png */,
				288E1DAE200E6BFB00346E77 /* o_mark.png */,
				288E1DAF200E6BFB00346E77 /* x_mark.png */,
			);
			path = Resources;
			sourceTree = "<group>";
		};
/* End PBXGroup section */

/* Begin PBXNativeTarget section */
		288E1D91200E680100346E77 /* TicTacToe */ = {
			isa = PBXNativeTarget;
			buildConfigurationList = 288E1DA8200E680100346E77 /* Build configuration list for PBXNativeTarget "TicTacToe" */;
			buildPhases = (
				29392792D0787C8019107665 /* [CP] Check Pods Manifest.lock */,
				288E1D8E200E680100346E77 /* Sources */,
				288E1D8F200E680100346E77 /* Frameworks */,
				288E1D90200E680100346E77 /* Resources */,
				4354D754E13DACFBBF962C1D /* [CP] Embed Pods Frameworks */,
				16ED52B587EC741638E6B4F3 /* [CP] Copy Pods Resources */,
			);
			buildRules = (
			);
			dependencies = (
			);
			name = TicTacToe;
			productName = TicTacToe;
			productReference = 288E1D92200E680100346E77 /* TicTacToe.app */;
			productType = "com.apple.product-type.application";
		};
/* End PBXNativeTarget section */

/* Begin PBXProject section */
		288E1D8A200E680100346E77 /* Project object */ = {
			isa = PBXProject;
			attributes = {
				LastUpgradeCheck = 0920;
				ORGANIZATIONNAME = com.ensoreus;
				TargetAttributes = {
					288E1D91200E680100346E77 = {
						CreatedOnToolsVersion = 9.2;
						ProvisioningStyle = Automatic;
					};
				};
			};
			buildConfigurationList = 288E1D8D200E680100346E77 /* Build configuration list for PBXProject "TicTacToe" */;
			compatibilityVersion = "Xcode 8.0";
			developmentRegion = en;
			hasScannedForEncodings = 0;
			knownRegions = (
				en,
				Base,
			);
			mainGroup = 288E1D89200E680100346E77;
			productRefGroup = 288E1D93200E680100346E77 /* Products */;
			projectDirPath = "";
			projectRoot = "";
			targets = (
				288E1D91200E680100346E77 /* TicTacToe */,
			);
		};
/* End PBXProject section */

/* Begin PBXResourcesBuildPhase section */
		288E1D90200E680100346E77 /* Resources */ = {
			isa = PBXResourcesBuildPhase;
			buildActionMask = 2147483647;
			files = (
				288E1DA2200E680100346E77 /* LaunchScreen.storyboard in Resources */,
				288E1DB1200E6BFB00346E77 /* x_mark.png in Resources */,
				288E1D9F200E680100346E77 /* Assets.xcassets in Resources */,
				288E1DB0200E6BFB00346E77 /* o_mark.png in Resources */,
				288E1DB3200E6D6E00346E77 /* btn-background.png in Resources */,
				288E1D9D200E680100346E77 /* Main.storyboard in Resources */,
			);
			runOnlyForDeploymentPostprocessing = 0;
		};
/* End PBXResourcesBuildPhase section */

/* Begin PBXShellScriptBuildPhase section */
		16ED52B587EC741638E6B4F3 /* [CP] Copy Pods Resources */ = {
			isa = PBXShellScriptBuildPhase;
			buildActionMask = 2147483647;
			files = (
			);
			inputPaths = (
			);
			name = "[CP] Copy Pods Resources";
			outputPaths = (
			);
			runOnlyForDeploymentPostprocessing = 0;
			shellPath = /bin/sh;
			shellScript = "\"${SRCROOT}/Pods/Target Support Files/Pods-TicTacToe/Pods-TicTacToe-resources.sh\"\n";
			showEnvVarsInLog = 0;
		};
		29392792D0787C8019107665 /* [CP] Check Pods Manifest.lock */ = {
			isa = PBXShellScriptBuildPhase;
			buildActionMask = 2147483647;
			files = (
			);
			inputPaths = (
				"${PODS_PODFILE_DIR_PATH}/Podfile.lock",
				"${PODS_ROOT}/Manifest.lock",
			);
			name = "[CP] Check Pods Manifest.lock";
			outputPaths = (
				"$(DERIVED_FILE_DIR)/Pods-TicTacToe-checkManifestLockResult.txt",
			);
			runOnlyForDeploymentPostprocessing = 0;
			shellPath = /bin/sh;
			shellScript = "diff \"${PODS_PODFILE_DIR_PATH}/Podfile.lock\" \"${PODS_ROOT}/Manifest.lock\" > /dev/null\nif [ $? != 0 ] ; then\n    # print error to STDERR\n    echo \"error: The sandbox is not in sync with the Podfile.lock. Run 'pod install' or update your CocoaPods installation.\" >&2\n    exit 1\nfi\n# This output is used by Xcode 'outputs' to avoid re-running this script phase.\necho \"SUCCESS\" > \"${SCRIPT_OUTPUT_FILE_0}\"\n";
			showEnvVarsInLog = 0;
		};
		4354D754E13DACFBBF962C1D /* [CP] Embed Pods Frameworks */ = {
			isa = PBXShellScriptBuildPhase;
			buildActionMask = 2147483647;
			files = (
			);
			inputPaths = (
				"${SRCROOT}/Pods/Target Support Files/Pods-TicTacToe/Pods-TicTacToe-frameworks.sh",
				"${BUILT_PRODUCTS_DIR}/ReactiveObjC/ReactiveObjC.framework",
			);
			name = "[CP] Embed Pods Frameworks";
			outputPaths = (
				"${TARGET_BUILD_DIR}/${FRAMEWORKS_FOLDER_PATH}/ReactiveObjC.framework",
			);
			runOnlyForDeploymentPostprocessing = 0;
			shellPath = /bin/sh;
			shellScript = "\"${SRCROOT}/Pods/Target Support Files/Pods-TicTacToe/Pods-TicTacToe-frameworks.sh\"\n";
			showEnvVarsInLog = 0;
		};
/* End PBXShellScriptBuildPhase section */

/* Begin PBXSourcesBuildPhase section */
		288E1D8E200E680100346E77 /* Sources */ = {
			isa = PBXSourcesBuildPhase;
			buildActionMask = 2147483647;
			files = (
				288E1DBF200E741400346E77 /* SignModel.m in Sources */,
				288E1D9A200E680100346E77 /* GameFieldViewController.m in Sources */,
				288E1DA5200E680100346E77 /* main.m in Sources */,
				288E1DAD200E6BD400346E77 /* SignCell.m in Sources */,
				288E1DB9200E708C00346E77 /* GameController.m in Sources */,
				288E1D97200E680100346E77 /* AppDelegate.m in Sources */,
				288E1DB6200E6FCA00346E77 /* MenuViewController.m in Sources */,
				288E1DBC200E70AA00346E77 /* GameModel.m in Sources */,
			);
			runOnlyForDeploymentPostprocessing = 0;
		};
/* End PBXSourcesBuildPhase section */

/* Begin PBXVariantGroup section */
		288E1D9B200E680100346E77 /* Main.storyboard */ = {
			isa = PBXVariantGroup;
			children = (
				288E1D9C200E680100346E77 /* Base */,
			);
			name = Main.storyboard;
			sourceTree = "<group>";
		};
		288E1DA0200E680100346E77 /* LaunchScreen.storyboard */ = {
			isa = PBXVariantGroup;
			children = (
				288E1DA1200E680100346E77 /* Base */,
			);
			name = LaunchScreen.storyboard;
			sourceTree = "<group>";
		};
/* End PBXVariantGroup section */

/* Begin XCBuildConfiguration section */
		288E1DA6200E680100346E77 /* Debug */ = {
			isa = XCBuildConfiguration;
			buildSettings = {
				ALWAYS_SEARCH_USER_PATHS = NO;
				CLANG_ANALYZER_NONNULL = YES;
				CLANG_ANALYZER_NUMBER_OBJECT_CONVERSION = YES_AGGRESSIVE;
				CLANG_CXX_LANGUAGE_STANDARD = "gnu++14";
				CLANG_CXX_LIBRARY = "libc++";
				CLANG_ENABLE_MODULES = YES;
				CLANG_ENABLE_OBJC_ARC = YES;
				CLANG_WARN_BLOCK_CAPTURE_AUTORELEASING = YES;
				CLANG_WARN_BOOL_CONVERSION = YES;
				CLANG_WARN_COMMA = YES;
				CLANG_WARN_CONSTANT_CONVERSION = YES;
				CLANG_WARN_DIRECT_OBJC_ISA_USAGE = YES_ERROR;
				CLANG_WARN_DOCUMENTATION_COMMENTS = YES;
				CLANG_WARN_EMPTY_BODY = YES;
				CLANG_WARN_ENUM_CONVERSION = YES;
				CLANG_WARN_INFINITE_RECURSION = YES;
				CLANG_WARN_INT_CONVERSION = YES;
				CLANG_WARN_NON_LITERAL_NULL_CONVERSION = YES;
				CLANG_WARN_OBJC_LITERAL_CONVERSION = YES;
				CLANG_WARN_OBJC_ROOT_CLASS = YES_ERROR;
				CLANG_WARN_RANGE_LOOP_ANALYSIS = YES;
				CLANG_WARN_STRICT_PROTOTYPES = YES;
				CLANG_WARN_SUSPICIOUS_MOVE = YES;
				CLANG_WARN_UNGUARDED_AVAILABILITY = YES_AGGRESSIVE;
				CLANG_WARN_UNREACHABLE_CODE = YES;
				CLANG_WARN__DUPLICATE_METHOD_MATCH = YES;
				CODE_SIGN_IDENTITY = "iPhone Developer";
				COPY_PHASE_STRIP = NO;
				DEBUG_INFORMATION_FORMAT = dwarf;
				ENABLE_STRICT_OBJC_MSGSEND = YES;
				ENABLE_TESTABILITY = YES;
				GCC_C_LANGUAGE_STANDARD = gnu11;
				GCC_DYNAMIC_NO_PIC = NO;
				GCC_NO_COMMON_BLOCKS = YES;
				GCC_OPTIMIZATION_LEVEL = 0;
				GCC_PREPROCESSOR_DEFINITIONS = (
					"DEBUG=1",
					"$(inherited)",
				);
				GCC_WARN_64_TO_32_BIT_CONVERSION = YES;
				GCC_WARN_ABOUT_RETURN_TYPE = YES_ERROR;
				GCC_WARN_UNDECLARED_SELECTOR = YES;
				GCC_WARN_UNINITIALIZED_AUTOS = YES_AGGRESSIVE;
				GCC_WARN_UNUSED_FUNCTION = YES;
				GCC_WARN_UNUSED_VARIABLE = YES;
				IPHONEOS_DEPLOYMENT_TARGET = 11.2;
				MTL_ENABLE_DEBUG_INFO = YES;
				ONLY_ACTIVE_ARCH = YES;
				SDKROOT = iphoneos;
			};
			name = Debug;
		};
		288E1DA7200E680100346E77 /* Release */ = {
			isa = XCBuildConfiguration;
			buildSettings = {
				ALWAYS_SEARCH_USER_PATHS = NO;
				CLANG_ANALYZER_NONNULL = YES;
				CLANG_ANALYZER_NUMBER_OBJECT_CONVERSION = YES_AGGRESSIVE;
				CLANG_CXX_LANGUAGE_STANDARD = "gnu++14";
				CLANG_CXX_LIBRARY = "libc++";
				CLANG_ENABLE_MODULES = YES;
				CLANG_ENABLE_OBJC_ARC = YES;
				CLANG_WARN_BLOCK_CAPTURE_AUTORELEASING = YES;
				CLANG_WARN_BOOL_CONVERSION = YES;
				CLANG_WARN_COMMA = YES;
				CLANG_WARN_CONSTANT_CONVERSION = YES;
				CLANG_WARN_DIRECT_OBJC_ISA_USAGE = YES_ERROR;
				CLANG_WARN_DOCUMENTATION_COMMENTS = YES;
				CLANG_WARN_EMPTY_BODY = YES;
				CLANG_WARN_ENUM_CONVERSION = YES;
				CLANG_WARN_INFINITE_RECURSION = YES;
				CLANG_WARN_INT_CONVERSION = YES;
				CLANG_WARN_NON_LITERAL_NULL_CONVERSION = YES;
				CLANG_WARN_OBJC_LITERAL_CONVERSION = YES;
				CLANG_WARN_OBJC_ROOT_CLASS = YES_ERROR;
				CLANG_WARN_RANGE_LOOP_ANALYSIS = YES;
				CLANG_WARN_STRICT_PROTOTYPES = YES;
				CLANG_WARN_SUSPICIOUS_MOVE = YES;
				CLANG_WARN_UNGUARDED_AVAILABILITY = YES_AGGRESSIVE;
				CLANG_WARN_UNREACHABLE_CODE = YES;
				CLANG_WARN__DUPLICATE_METHOD_MATCH = YES;
				CODE_SIGN_IDENTITY = "iPhone Developer";
				COPY_PHASE_STRIP = NO;
				DEBUG_INFORMATION_FORMAT = "dwarf-with-dsym";
				ENABLE_NS_ASSERTIONS = NO;
				ENABLE_STRICT_OBJC_MSGSEND = YES;
				GCC_C_LANGUAGE_STANDARD = gnu11;
				GCC_NO_COMMON_BLOCKS = YES;
				GCC_WARN_64_TO_32_BIT_CONVERSION = YES;
				GCC_WARN_ABOUT_RETURN_TYPE = YES_ERROR;
				GCC_WARN_UNDECLARED_SELECTOR = YES;
				GCC_WARN_UNINITIALIZED_AUTOS = YES_AGGRESSIVE;
				GCC_WARN_UNUSED_FUNCTION = YES;
				GCC_WARN_UNUSED_VARIABLE = YES;
				IPHONEOS_DEPLOYMENT_TARGET = 11.2;
				MTL_ENABLE_DEBUG_INFO = NO;
				SDKROOT = iphoneos;
				VALIDATE_PRODUCT = YES;
			};
			name = Release;
		};
		288E1DA9200E680100346E77 /* Debug */ = {
			isa = XCBuildConfiguration;
			baseConfigurationReference = 1E85604C5EFDF8606FB02AE2 /* Pods-TicTacToe.debug.xcconfig */;
			buildSettings = {
				ASSETCATALOG_COMPILER_APPICON_NAME = AppIcon;
				CODE_SIGN_STYLE = Automatic;
				DEVELOPMENT_TEAM = KQ46EWSK84;
				INFOPLIST_FILE = TicTacToe/Info.plist;
				LD_RUNPATH_SEARCH_PATHS = "$(inherited) @executable_path/Frameworks";
				PRODUCT_BUNDLE_IDENTIFIER = com.ensoreus.TicTacToe;
				PRODUCT_NAME = "$(TARGET_NAME)";
				TARGETED_DEVICE_FAMILY = "1,2";
			};
			name = Debug;
		};
		288E1DAA200E680100346E77 /* Release */ = {
			isa = XCBuildConfiguration;
			baseConfigurationReference = EB4CFC8830C72D3AA1971FFE /* Pods-TicTacToe.release.xcconfig */;
			buildSettings = {
				ASSETCATALOG_COMPILER_APPICON_NAME = AppIcon;
				CODE_SIGN_STYLE = Automatic;
				DEVELOPMENT_TEAM = KQ46EWSK84;
				INFOPLIST_FILE = TicTacToe/Info.plist;
				LD_RUNPATH_SEARCH_PATHS = "$(inherited) @executable_path/Frameworks";
				PRODUCT_BUNDLE_IDENTIFIER = com.ensoreus.TicTacToe;
				PRODUCT_NAME = "$(TARGET_NAME)";
				TARGETED_DEVICE_FAMILY = "1,2";
			};
			name = Release;
		};
/* End XCBuildConfiguration section */

/* Begin XCConfigurationList section */
		288E1D8D200E680100346E77 /* Build configuration list for PBXProject "TicTacToe" */ = {
			isa = XCConfigurationList;
			buildConfigurations = (
				288E1DA6200E680100346E77 /* Debug */,
				288E1DA7200E680100346E77 /* Release */,
			);
			defaultConfigurationIsVisible = 0;
			defaultConfigurationName = Release;
		};
		288E1DA8200E680100346E77 /* Build configuration list for PBXNativeTarget "TicTacToe" */ = {
			isa = XCConfigurationList;
			buildConfigurations = (
				288E1DA9200E680100346E77 /* Debug */,
				288E1DAA200E680100346E77 /* Release */,
			);
			defaultConfigurationIsVisible = 0;
			defaultConfigurationName = Release;
		};
/* End XCConfigurationList section */
	};
	rootObject = 288E1D8A200E680100346E77 /* Project object */;
}
